
Microsoft Visual Studio Solution File, Format Version 12.00
# Visual Studio Version 17
VisualStudioVersion = 17.14.36414.22 d17.14
MinimumVisualStudioVersion = 10.0.40219.1
Project("{FAE04EC0-301F-11D3-BF4B-00C04F79EFBC}") = "CCAD20GitDemo", "CCAD20GitDemo.csproj", "{49C4BE3A-87AF-417C-A675-5403B9547980}"
EndProject
Global
	GlobalSection(SolutionConfigurationPlatforms) = preSolution
		Debug|Any CPU = Debug|Any CPU
		Release|Any CPU = Release|Any CPU
	EndGlobalSection
	GlobalSection(ProjectConfigurationPlatforms) = postSolution
		{49C4BE3A-87AF-417C-A675-5403B9547980}.Debug|Any CPU.ActiveCfg = Debug|Any CPU
		{49C4BE3A-87AF-417C-A675-5403B9547980}.Debug|Any CPU.Build.0 = Debug|Any CPU
		{49C4BE3A-87AF-417C-A675-5403B9547980}.Release|Any CPU.ActiveCfg = Release|Any CPU
		{49C4BE3A-87AF-417C-A675-5403B9547980}.Release|Any CPU.Build.0 = Release|Any CPU
	EndGlobalSection
	GlobalSection(SolutionProperties) = preSolution
		HideSolutionNode = FALSE
	EndGlobalSection
	GlobalSection(ExtensibilityGlobals) = postSolution
		SolutionGuid = {4A38875C-D578-4C91-A0AC-B7A0BCDFA4B4}
	EndGlobalSection
EndGlobal
